
Microsoft Visual Studio Solution File, Format Version 12.00
# Visual Studio Version 16
VisualStudioVersion = 16.0.29728.190
MinimumVisualStudioVersion = 10.0.40219.1
Project("{FAE04EC0-301F-11D3-BF4B-00C04F79EFBC}") = "Online hotel booking system", "Online hotel booking system\Online hotel booking system.csproj", "{E0B5C562-28DC-4EF6-87A2-A7AC056E44DD}"
EndProject
Project("{FAE04EC0-301F-11D3-BF4B-00C04F79EFBC}") = "Myproject-Hotel booking system", "Myproject-Hotel booking system\Myproject-Hotel booking system.csproj", "{5BE4B867-4828-41D6-9B32-FF02E19BD5FB}"
EndProject
Project("{9A19103F-16F7-4668-BE54-9A1E7A4F7556}") = "User.Entity", "User.Entity\User.Entity.csproj", "{C3E5F998-999B-4192-9F04-84DC93EC5C08}"
EndProject
Project("{FAE04EC0-301F-11D3-BF4B-00C04F79EFBC}") = "Hotel booking", "Hotel booking\Hotel booking.csproj", "{FE2407A2-BE4F-441F-9430-7C9580A33DBE}"
EndProject
Global
	GlobalSection(SolutionConfigurationPlatforms) = preSolution
		Debug|Any CPU = Debug|Any CPU
		Release|Any CPU = Release|Any CPU
	EndGlobalSection
	GlobalSection(ProjectConfigurationPlatforms) = postSolution
		{E0B5C562-28DC-4EF6-87A2-A7AC056E44DD}.Debug|Any CPU.ActiveCfg = Debug|Any CPU
		{E0B5C562-28DC-4EF6-87A2-A7AC056E44DD}.Debug|Any CPU.Build.0 = Debug|Any CPU
		{E0B5C562-28DC-4EF6-87A2-A7AC056E44DD}.Release|Any CPU.ActiveCfg = Release|Any CPU
		{E0B5C562-28DC-4EF6-87A2-A7AC056E44DD}.Release|Any CPU.Build.0 = Release|Any CPU
		{5BE4B867-4828-41D6-9B32-FF02E19BD5FB}.Debug|Any CPU.ActiveCfg = Debug|Any CPU
		{5BE4B867-4828-41D6-9B32-FF02E19BD5FB}.Debug|Any CPU.Build.0 = Debug|Any CPU
		{5BE4B867-4828-41D6-9B32-FF02E19BD5FB}.Release|Any CPU.ActiveCfg = Release|Any CPU
		{5BE4B867-4828-41D6-9B32-FF02E19BD5FB}.Release|Any CPU.Build.0 = Release|Any CPU
		{C3E5F998-999B-4192-9F04-84DC93EC5C08}.Debug|Any CPU.ActiveCfg = Debug|Any CPU
		{C3E5F998-999B-4192-9F04-84DC93EC5C08}.Debug|Any CPU.Build.0 = Debug|Any CPU
		{C3E5F998-999B-4192-9F04-84DC93EC5C08}.Release|Any CPU.ActiveCfg = Release|Any CPU
		{C3E5F998-999B-4192-9F04-84DC93EC5C08}.Release|Any CPU.Build.0 = Release|Any CPU
		{FE2407A2-BE4F-441F-9430-7C9580A33DBE}.Debug|Any CPU.ActiveCfg = Debug|Any CPU
		{FE2407A2-BE4F-441F-9430-7C9580A33DBE}.Debug|Any CPU.Build.0 = Debug|Any CPU
		{FE2407A2-BE4F-441F-9430-7C9580A33DBE}.Release|Any CPU.ActiveCfg = Release|Any CPU
		{FE2407A2-BE4F-441F-9430-7C9580A33DBE}.Release|Any CPU.Build.0 = Release|Any CPU
	EndGlobalSection
	GlobalSection(SolutionProperties) = preSolution
		HideSolutionNode = FALSE
	EndGlobalSection
	GlobalSection(ExtensibilityGlobals) = postSolution
		SolutionGuid = {8F8F2176-E96E-4B39-96B4-80085EAC060D}
	EndGlobalSection
EndGlobal
